// !$*UTF8*$!
{
	archiveVersion = 1;
	classes = {
	};
	objectVersion = 46;
	objects = {

/* Begin PBXBuildFile section */
		327FED7B14CE850000953658 /* Foundation.framework in Frameworks */ = {isa = PBXBuildFile; fileRef = 327FED7A14CE850000953658 /* Foundation.framework */; };
		327FED8114CE850000953658 /* libid3.m in Sources */ = {isa = PBXBuildFile; fileRef = 327FED8014CE850000953658 /* libid3.m */; };
/* End PBXBuildFile section */

/* Begin PBXFileReference section */
		327FED7714CE850000953658 /* liblibid3.a */ = {isa = PBXFileReference; explicitFileType = archive.ar; includeInIndex = 0; path = liblibid3.a; sourceTree = BUILT_PRODUCTS_DIR; };
		327FED7A14CE850000953658 /* Foundation.framework */ = {isa = PBXFileReference; lastKnownFileType = wrapper.framework; name = Foundation.framework; path = System/Library/Frameworks/Foundation.framework; sourceTree = SDKROOT; };
		327FED7E14CE850000953658 /* libid3-Prefix.pch */ = {isa = PBXFileReference; path = "libid3-Prefix.pch"; sourceTree = "<group>"; };
		327FED7F14CE850000953658 /* libid3.h */ = {isa = PBXFileReference; path = libid3.h; sourceTree = "<group>"; };
		327FED8014CE850000953658 /* libid3.m */ = {isa = PBXFileReference; lastKnownFileType = sourcecode.c.objc; path = libid3.m; sourceTree = "<group>"; };
/* End PBXFileReference section */

/* Begin PBXFrameworksBuildPhase section */
		327FED7414CE850000953658 /* Frameworks */ = {
			isa = PBXFrameworksBuildPhase;
			buildActionMask = 2147483647;
			files = (
				327FED7B14CE850000953658 /* Foundation.framework in Frameworks */,
			);
			runOnlyForDeploymentPostprocessing = 0;
		};
/* End PBXFrameworksBuildPhase section */

/* Begin PBXGroup section */
		327FED6C14CE850000953658 = {
			isa = PBXGroup;
			children = (
				327FED7C14CE850000953658 /* libid3 */,
				327FED7914CE850000953658 /* Frameworks */,
				327FED7814CE850000953658 /* Products */,
			);
			sourceTree = "<group>";
		};
		327FED7814CE850000953658 /* Products */ = {
			isa = PBXGroup;
			children = (
				327FED7714CE850000953658 /* liblibid3.a */,
			);
			name = Products;
			sourceTree = "<group>";
		};
		327FED7914CE850000953658 /* Frameworks */ = {
			isa = PBXGroup;
			children = (
				327FED7A14CE850000953658 /* Foundation.framework */,
			);
			name = Frameworks;
			sourceTree = "<group>";
		};
		327FED7C14CE850000953658 /* libid3 */ = {
			isa = PBXGroup;
			children = (
				327FED7F14CE850000953658 /* libid3.h */,
				327FED8014CE850000953658 /* libid3.m */,
				327FED7D14CE850000953658 /* Supporting Files */,
			);
			path = libid3;
			sourceTree = "<group>";
		};
		327FED7D14CE850000953658 /* Supporting Files */ = {
			isa = PBXGroup;
			children = (
				327FED7E14CE850000953658 /* libid3-Prefix.pch */,
			);
			name = "Supporting Files";
			sourceTree = "<group>";
		};
/* End PBXGroup section */

/* Begin PBXHeadersBuildPhase section */
		327FED7514CE850000953658 /* Headers */ = {
			isa = PBXHeadersBuildPhase;
			buildActionMask = 2147483647;
			files = (
			);
			runOnlyForDeploymentPostprocessing = 0;
		};
/* End PBXHeadersBuildPhase section */

/* Begin PBXNativeTarget section */
		327FED7614CE850000953658 /* libid3 */ = {
			isa = PBXNativeTarget;
			buildConfigurationList = 327FED8414CE850000953658 /* Build configuration list for PBXNativeTarget "libid3" */;
			buildPhases = (
				327FED7314CE850000953658 /* Sources */,
				327FED7414CE850000953658 /* Frameworks */,
				327FED7514CE850000953658 /* Headers */,
			);
			buildRules = (
			);
			dependencies = (
			);
			name = libid3;
			productName = libid3;
			productReference = 327FED7714CE850000953658 /* liblibid3.a */;
			productType = "com.apple.product-type.library.static";
		};
/* End PBXNativeTarget section */

/* Begin PBXProject section */
		327FED6E14CE850000953658 /* Project object */ = {
			isa = PBXProject;
			attributes = {
				LastUpgradeCheck = 0420;
				ORGANIZATIONNAME = "ラクラクテクノロジーズ";
			};
			buildConfigurationList = 327FED7114CE850000953658 /* Build configuration list for PBXProject "libid3" */;
			compatibilityVersion = "Xcode 3.2";
			developmentRegion = English;
			hasScannedForEncodings = 0;
			knownRegions = (
				en,
			);
			mainGroup = 327FED6C14CE850000953658;
			productRefGroup = 327FED7814CE850000953658 /* Products */;
			projectDirPath = "";
			projectRoot = "";
			targets = (
				327FED7614CE850000953658 /* libid3 */,
			);
		};
/* End PBXProject section */

/* Begin PBXSourcesBuildPhase section */
		327FED7314CE850000953658 /* Sources */ = {
			isa = PBXSourcesBuildPhase;
			buildActionMask = 2147483647;
			files = (
				327FED8114CE850000953658 /* libid3.m in Sources */,
			);
			runOnlyForDeploymentPostprocessing = 0;
		};
/* End PBXSourcesBuildPhase section */

/* Begin XCBuildConfiguration section */
		327FED8214CE850000953658 /* Debug */ = {
			isa = XCBuildConfiguration;
			buildSettings = {
				ALWAYS_SEARCH_USER_PATHS = NO;
				ARCHS = "$(ARCHS_STANDARD_32_BIT)";
				COPY_PHASE_STRIP = NO;
				GCC_C_LANGUAGE_STANDARD = gnu99;
				GCC_DYNAMIC_NO_PIC = NO;
				GCC_OPTIMIZATION_LEVEL = 0;
				GCC_PREPROCESSOR_DEFINITIONS = (
					"DEBUG=1",
					"$(inherited)",
				);
				GCC_SYMBOLS_PRIVATE_EXTERN = NO;
				GCC_VERSION = com.apple.compilers.llvm.clang.1_0;
				GCC_WARN_ABOUT_MISSING_PROTOTYPES = YES;
				GCC_WARN_ABOUT_RETURN_TYPE = YES;
				GCC_WARN_UNUSED_VARIABLE = YES;
				IPHONEOS_DEPLOYMENT_TARGET = 5.0;
				SDKROOT = iphoneos;
			};
			name = Debug;
		};
		327FED8314CE850000953658 /* Release */ = {
			isa = XCBuildConfiguration;
			buildSettings = {
				ALWAYS_SEARCH_USER_PATHS = NO;
				ARCHS = "$(ARCHS_STANDARD_32_BIT)";
				COPY_PHASE_STRIP = YES;
				GCC_C_LANGUAGE_STANDARD = gnu99;
				GCC_VERSION = com.apple.compilers.llvm.clang.1_0;
				GCC_WARN_ABOUT_MISSING_PROTOTYPES = YES;
				GCC_WARN_ABOUT_RETURN_TYPE = YES;
				GCC_WARN_UNUSED_VARIABLE = YES;
				IPHONEOS_DEPLOYMENT_TARGET = 5.0;
				SDKROOT = iphoneos;
				VALIDATE_PRODUCT = YES;
			};
			name = Release;
		};
		327FED8514CE850000953658 /* Debug */ = {
			isa = XCBuildConfiguration;
			buildSettings = {
				DSTROOT = /tmp/libid3.dst;
				GCC_PRECOMPILE_PREFIX_HEADER = YES;
				GCC_PREFIX_HEADER = "libid3/libid3-Prefix.pch";
				OTHER_LDFLAGS = "-ObjC";
				PRODUCT_NAME = "$(TARGET_NAME)";
				SKIP_INSTALL = YES;
			};
			name = Debug;
		};
		327FED8614CE850000953658 /* Release */ = {
			isa = XCBuildConfiguration;
			buildSettings = {
				DSTROOT = /tmp/libid3.dst;
				GCC_PRECOMPILE_PREFIX_HEADER = YES;
				GCC_PREFIX_HEADER = "libid3/libid3-Prefix.pch";
				OTHER_LDFLAGS = "-ObjC";
				PRODUCT_NAME = "$(TARGET_NAME)";
				SKIP_INSTALL = YES;
			};
			name = Release;
		};
/* End XCBuildConfiguration section */

/* Begin XCConfigurationList section */
		327FED7114CE850000953658 /* Build configuration list for PBXProject "libid3" */ = {
			isa = XCConfigurationList;
			buildConfigurations = (
				327FED8214CE850000953658 /* Debug */,
				327FED8314CE850000953658 /* Release */,
			);
			defaultConfigurationIsVisible = 0;
			defaultConfigurationName = Release;
		};
		327FED8414CE850000953658 /* Build configuration list for PBXNativeTarget "libid3" */ = {
			isa = XCConfigurationList;
			buildConfigurations = (
				327FED8514CE850000953658 /* Debug */,
				327FED8614CE850000953658 /* Release */,
			);
			defaultConfigurationIsVisible = 0;
		};
/* End XCConfigurationList section */
	};
	rootObject = 327FED6E14CE850000953658 /* Project object */;
}
