// !$*UTF8*$!
{
	archiveVersion = 1;
	classes = {
	};
	objectVersion = 46;
	objects = {

/* Begin PBXBuildFile section */
		32F635CC14CE94EA00B32A67 /* c_wrapper.cpp in Sources */ = {isa = PBXBuildFile; fileRef = 32F635A014CE94E900B32A67 /* c_wrapper.cpp */; };
		32F635CD14CE94EA00B32A67 /* field_binary.cpp in Sources */ = {isa = PBXBuildFile; fileRef = 32F635A114CE94E900B32A67 /* field_binary.cpp */; };
		32F635CE14CE94EA00B32A67 /* field_def.h in Headers */ = {isa = PBXBuildFile; fileRef = 32F635A214CE94E900B32A67 /* field_def.h */; };
		32F635CF14CE94EA00B32A67 /* field_impl.h in Headers */ = {isa = PBXBuildFile; fileRef = 32F635A314CE94E900B32A67 /* field_impl.h */; };
		32F635D014CE94EA00B32A67 /* field_integer.cpp in Sources */ = {isa = PBXBuildFile; fileRef = 32F635A414CE94E900B32A67 /* field_integer.cpp */; };
		32F635D114CE94EA00B32A67 /* field_string_ascii.cpp in Sources */ = {isa = PBXBuildFile; fileRef = 32F635A514CE94E900B32A67 /* field_string_ascii.cpp */; };
		32F635D214CE94EA00B32A67 /* field_string_unicode.cpp in Sources */ = {isa = PBXBuildFile; fileRef = 32F635A614CE94E900B32A67 /* field_string_unicode.cpp */; };
		32F635D314CE94EA00B32A67 /* field.cpp in Sources */ = {isa = PBXBuildFile; fileRef = 32F635A714CE94E900B32A67 /* field.cpp */; };
		32F635D414CE94EA00B32A67 /* flags.h in Headers */ = {isa = PBXBuildFile; fileRef = 32F635A814CE94E900B32A67 /* flags.h */; };
		32F635D514CE94EA00B32A67 /* frame_def.h in Headers */ = {isa = PBXBuildFile; fileRef = 32F635A914CE94EA00B32A67 /* frame_def.h */; };
		32F635D614CE94EA00B32A67 /* frame_impl.cpp in Sources */ = {isa = PBXBuildFile; fileRef = 32F635AA14CE94EA00B32A67 /* frame_impl.cpp */; };
		32F635D714CE94EA00B32A67 /* frame_impl.h in Headers */ = {isa = PBXBuildFile; fileRef = 32F635AB14CE94EA00B32A67 /* frame_impl.h */; };
		32F635D814CE94EA00B32A67 /* frame_parse.cpp in Sources */ = {isa = PBXBuildFile; fileRef = 32F635AC14CE94EA00B32A67 /* frame_parse.cpp */; };
		32F635D914CE94EA00B32A67 /* frame_render.cpp in Sources */ = {isa = PBXBuildFile; fileRef = 32F635AD14CE94EA00B32A67 /* frame_render.cpp */; };
		32F635DA14CE94EA00B32A67 /* frame.cpp in Sources */ = {isa = PBXBuildFile; fileRef = 32F635AE14CE94EA00B32A67 /* frame.cpp */; };
		32F635DB14CE94EA00B32A67 /* globals.cpp in Sources */ = {isa = PBXBuildFile; fileRef = 32F635AF14CE94EA00B32A67 /* globals.cpp */; };
		32F635DC14CE94EA00B32A67 /* header_frame.cpp in Sources */ = {isa = PBXBuildFile; fileRef = 32F635B014CE94EA00B32A67 /* header_frame.cpp */; };
		32F635DD14CE94EA00B32A67 /* header_frame.h in Headers */ = {isa = PBXBuildFile; fileRef = 32F635B114CE94EA00B32A67 /* header_frame.h */; };
		32F635DE14CE94EA00B32A67 /* header_tag.cpp in Sources */ = {isa = PBXBuildFile; fileRef = 32F635B214CE94EA00B32A67 /* header_tag.cpp */; };
		32F635DF14CE94EA00B32A67 /* header_tag.h in Headers */ = {isa = PBXBuildFile; fileRef = 32F635B314CE94EA00B32A67 /* header_tag.h */; };
		32F635E014CE94EA00B32A67 /* header.cpp in Sources */ = {isa = PBXBuildFile; fileRef = 32F635B414CE94EA00B32A67 /* header.cpp */; };
		32F635E114CE94EA00B32A67 /* header.h in Headers */ = {isa = PBXBuildFile; fileRef = 32F635B514CE94EA00B32A67 /* header.h */; };
		32F635E214CE94EA00B32A67 /* helpers.cpp in Sources */ = {isa = PBXBuildFile; fileRef = 32F635B614CE94EA00B32A67 /* helpers.cpp */; };
		32F635E314CE94EA00B32A67 /* io_decorators.cpp in Sources */ = {isa = PBXBuildFile; fileRef = 32F635B714CE94EA00B32A67 /* io_decorators.cpp */; };
		32F635E414CE94EA00B32A67 /* io_helpers.cpp in Sources */ = {isa = PBXBuildFile; fileRef = 32F635B814CE94EA00B32A67 /* io_helpers.cpp */; };
		32F635E514CE94EA00B32A67 /* io.cpp in Sources */ = {isa = PBXBuildFile; fileRef = 32F635B914CE94EA00B32A67 /* io.cpp */; };
		32F635E614CE94EA00B32A67 /* misc_support.cpp in Sources */ = {isa = PBXBuildFile; fileRef = 32F635BA14CE94EA00B32A67 /* misc_support.cpp */; };
		32F635E714CE94EA00B32A67 /* mp3_header.h in Headers */ = {isa = PBXBuildFile; fileRef = 32F635BB14CE94EA00B32A67 /* mp3_header.h */; };
		32F635E814CE94EA00B32A67 /* mp3_parse.cpp in Sources */ = {isa = PBXBuildFile; fileRef = 32F635BC14CE94EA00B32A67 /* mp3_parse.cpp */; };
		32F635E914CE94EA00B32A67 /* readers.cpp in Sources */ = {isa = PBXBuildFile; fileRef = 32F635BD14CE94EA00B32A67 /* readers.cpp */; };
		32F635EA14CE94EA00B32A67 /* spec.cpp in Sources */ = {isa = PBXBuildFile; fileRef = 32F635BE14CE94EA00B32A67 /* spec.cpp */; };
		32F635EB14CE94EA00B32A67 /* spec.h in Headers */ = {isa = PBXBuildFile; fileRef = 32F635BF14CE94EA00B32A67 /* spec.h */; };
		32F635EC14CE94EA00B32A67 /* tag_file.cpp in Sources */ = {isa = PBXBuildFile; fileRef = 32F635C014CE94EA00B32A67 /* tag_file.cpp */; };
		32F635ED14CE94EA00B32A67 /* tag_find.cpp in Sources */ = {isa = PBXBuildFile; fileRef = 32F635C114CE94EA00B32A67 /* tag_find.cpp */; };
		32F635EE14CE94EA00B32A67 /* tag_impl.cpp in Sources */ = {isa = PBXBuildFile; fileRef = 32F635C214CE94EA00B32A67 /* tag_impl.cpp */; };
		32F635EF14CE94EA00B32A67 /* tag_impl.h in Headers */ = {isa = PBXBuildFile; fileRef = 32F635C314CE94EA00B32A67 /* tag_impl.h */; };
		32F635F014CE94EA00B32A67 /* tag_parse_lyrics3.cpp in Sources */ = {isa = PBXBuildFile; fileRef = 32F635C414CE94EA00B32A67 /* tag_parse_lyrics3.cpp */; };
		32F635F114CE94EA00B32A67 /* tag_parse_musicmatch.cpp in Sources */ = {isa = PBXBuildFile; fileRef = 32F635C514CE94EA00B32A67 /* tag_parse_musicmatch.cpp */; };
		32F635F214CE94EA00B32A67 /* tag_parse_v1.cpp in Sources */ = {isa = PBXBuildFile; fileRef = 32F635C614CE94EA00B32A67 /* tag_parse_v1.cpp */; };
		32F635F314CE94EA00B32A67 /* tag_parse.cpp in Sources */ = {isa = PBXBuildFile; fileRef = 32F635C714CE94EA00B32A67 /* tag_parse.cpp */; };
		32F635F414CE94EA00B32A67 /* tag_render.cpp in Sources */ = {isa = PBXBuildFile; fileRef = 32F635C814CE94EA00B32A67 /* tag_render.cpp */; };
		32F635F514CE94EA00B32A67 /* tag.cpp in Sources */ = {isa = PBXBuildFile; fileRef = 32F635C914CE94EA00B32A67 /* tag.cpp */; };
		32F635F614CE94EA00B32A67 /* utils.cpp in Sources */ = {isa = PBXBuildFile; fileRef = 32F635CA14CE94EA00B32A67 /* utils.cpp */; };
		32F635F714CE94EA00B32A67 /* writers.cpp in Sources */ = {isa = PBXBuildFile; fileRef = 32F635CB14CE94EA00B32A67 /* writers.cpp */; };
		32F635F714CE94EA00B32A69 /* id3-Prefix.pch in Headers */ = {isa = PBXBuildFile; fileRef = 32F635F714CE94EA00B32A68 /* id3-Prefix.pch */; };
/* End PBXBuildFile section */

/* Begin PBXFileReference section */
		327FED7714CE850000953658 /* libid3.a */ = {isa = PBXFileReference; explicitFileType = archive.ar; includeInIndex = 0; path = libid3.a; sourceTree = BUILT_PRODUCTS_DIR; };
		32F635A014CE94E900B32A67 /* c_wrapper.cpp */ = {isa = PBXFileReference; fileEncoding = 4; lastKnownFileType = sourcecode.cpp.cpp; name = c_wrapper.cpp; path = src/c_wrapper.cpp; sourceTree = SOURCE_ROOT; };
		32F635A114CE94E900B32A67 /* field_binary.cpp */ = {isa = PBXFileReference; fileEncoding = 4; lastKnownFileType = sourcecode.cpp.cpp; name = field_binary.cpp; path = src/field_binary.cpp; sourceTree = SOURCE_ROOT; };
		32F635A214CE94E900B32A67 /* field_def.h */ = {isa = PBXFileReference; fileEncoding = 4; lastKnownFileType = sourcecode.c.h; name = field_def.h; path = src/field_def.h; sourceTree = SOURCE_ROOT; };
		32F635A314CE94E900B32A67 /* field_impl.h */ = {isa = PBXFileReference; fileEncoding = 4; lastKnownFileType = sourcecode.c.h; name = field_impl.h; path = src/field_impl.h; sourceTree = SOURCE_ROOT; };
		32F635A414CE94E900B32A67 /* field_integer.cpp */ = {isa = PBXFileReference; fileEncoding = 4; lastKnownFileType = sourcecode.cpp.cpp; name = field_integer.cpp; path = src/field_integer.cpp; sourceTree = SOURCE_ROOT; };
		32F635A514CE94E900B32A67 /* field_string_ascii.cpp */ = {isa = PBXFileReference; fileEncoding = 4; lastKnownFileType = sourcecode.cpp.cpp; name = field_string_ascii.cpp; path = src/field_string_ascii.cpp; sourceTree = SOURCE_ROOT; };
		32F635A614CE94E900B32A67 /* field_string_unicode.cpp */ = {isa = PBXFileReference; fileEncoding = 4; lastKnownFileType = sourcecode.cpp.cpp; name = field_string_unicode.cpp; path = src/field_string_unicode.cpp; sourceTree = SOURCE_ROOT; };
		32F635A714CE94E900B32A67 /* field.cpp */ = {isa = PBXFileReference; fileEncoding = 4; lastKnownFileType = sourcecode.cpp.cpp; name = field.cpp; path = src/field.cpp; sourceTree = SOURCE_ROOT; };
		32F635A814CE94E900B32A67 /* flags.h */ = {isa = PBXFileReference; fileEncoding = 4; lastKnownFileType = sourcecode.c.h; name = flags.h; path = src/flags.h; sourceTree = SOURCE_ROOT; };
		32F635A914CE94EA00B32A67 /* frame_def.h */ = {isa = PBXFileReference; fileEncoding = 4; lastKnownFileType = sourcecode.c.h; name = frame_def.h; path = src/frame_def.h; sourceTree = SOURCE_ROOT; };
		32F635AA14CE94EA00B32A67 /* frame_impl.cpp */ = {isa = PBXFileReference; fileEncoding = 4; lastKnownFileType = sourcecode.cpp.cpp; name = frame_impl.cpp; path = src/frame_impl.cpp; sourceTree = SOURCE_ROOT; };
		32F635AB14CE94EA00B32A67 /* frame_impl.h */ = {isa = PBXFileReference; fileEncoding = 4; lastKnownFileType = sourcecode.c.h; name = frame_impl.h; path = src/frame_impl.h; sourceTree = SOURCE_ROOT; };
		32F635AC14CE94EA00B32A67 /* frame_parse.cpp */ = {isa = PBXFileReference; fileEncoding = 4; lastKnownFileType = sourcecode.cpp.cpp; name = frame_parse.cpp; path = src/frame_parse.cpp; sourceTree = SOURCE_ROOT; };
		32F635AD14CE94EA00B32A67 /* frame_render.cpp */ = {isa = PBXFileReference; fileEncoding = 4; lastKnownFileType = sourcecode.cpp.cpp; name = frame_render.cpp; path = src/frame_render.cpp; sourceTree = SOURCE_ROOT; };
		32F635AE14CE94EA00B32A67 /* frame.cpp */ = {isa = PBXFileReference; fileEncoding = 4; lastKnownFileType = sourcecode.cpp.cpp; name = frame.cpp; path = src/frame.cpp; sourceTree = SOURCE_ROOT; };
		32F635AF14CE94EA00B32A67 /* globals.cpp */ = {isa = PBXFileReference; fileEncoding = 4; lastKnownFileType = sourcecode.cpp.cpp; name = globals.cpp; path = src/globals.cpp; sourceTree = SOURCE_ROOT; };
		32F635B014CE94EA00B32A67 /* header_frame.cpp */ = {isa = PBXFileReference; fileEncoding = 4; lastKnownFileType = sourcecode.cpp.cpp; name = header_frame.cpp; path = src/header_frame.cpp; sourceTree = SOURCE_ROOT; };
		32F635B114CE94EA00B32A67 /* header_frame.h */ = {isa = PBXFileReference; fileEncoding = 4; lastKnownFileType = sourcecode.c.h; name = header_frame.h; path = src/header_frame.h; sourceTree = SOURCE_ROOT; };
		32F635B214CE94EA00B32A67 /* header_tag.cpp */ = {isa = PBXFileReference; fileEncoding = 4; lastKnownFileType = sourcecode.cpp.cpp; name = header_tag.cpp; path = src/header_tag.cpp; sourceTree = SOURCE_ROOT; };
		32F635B314CE94EA00B32A67 /* header_tag.h */ = {isa = PBXFileReference; fileEncoding = 4; lastKnownFileType = sourcecode.c.h; name = header_tag.h; path = src/header_tag.h; sourceTree = SOURCE_ROOT; };
		32F635B414CE94EA00B32A67 /* header.cpp */ = {isa = PBXFileReference; fileEncoding = 4; lastKnownFileType = sourcecode.cpp.cpp; name = header.cpp; path = src/header.cpp; sourceTree = SOURCE_ROOT; };
		32F635B514CE94EA00B32A67 /* header.h */ = {isa = PBXFileReference; fileEncoding = 4; lastKnownFileType = sourcecode.c.h; name = header.h; path = src/header.h; sourceTree = SOURCE_ROOT; };
		32F635B614CE94EA00B32A67 /* helpers.cpp */ = {isa = PBXFileReference; fileEncoding = 4; lastKnownFileType = sourcecode.cpp.cpp; name = helpers.cpp; path = src/helpers.cpp; sourceTree = SOURCE_ROOT; };
		32F635B714CE94EA00B32A67 /* io_decorators.cpp */ = {isa = PBXFileReference; fileEncoding = 4; lastKnownFileType = sourcecode.cpp.cpp; name = io_decorators.cpp; path = src/io_decorators.cpp; sourceTree = SOURCE_ROOT; };
		32F635B814CE94EA00B32A67 /* io_helpers.cpp */ = {isa = PBXFileReference; fileEncoding = 4; lastKnownFileType = sourcecode.cpp.cpp; name = io_helpers.cpp; path = src/io_helpers.cpp; sourceTree = SOURCE_ROOT; };
		32F635B914CE94EA00B32A67 /* io.cpp */ = {isa = PBXFileReference; fileEncoding = 4; lastKnownFileType = sourcecode.cpp.cpp; name = io.cpp; path = src/io.cpp; sourceTree = SOURCE_ROOT; };
		32F635BA14CE94EA00B32A67 /* misc_support.cpp */ = {isa = PBXFileReference; fileEncoding = 4; lastKnownFileType = sourcecode.cpp.cpp; name = misc_support.cpp; path = src/misc_support.cpp; sourceTree = SOURCE_ROOT; };
		32F635BB14CE94EA00B32A67 /* mp3_header.h */ = {isa = PBXFileReference; fileEncoding = 4; lastKnownFileType = sourcecode.c.h; name = mp3_header.h; path = src/mp3_header.h; sourceTree = SOURCE_ROOT; };
		32F635BC14CE94EA00B32A67 /* mp3_parse.cpp */ = {isa = PBXFileReference; fileEncoding = 4; lastKnownFileType = sourcecode.cpp.cpp; name = mp3_parse.cpp; path = src/mp3_parse.cpp; sourceTree = SOURCE_ROOT; };
		32F635BD14CE94EA00B32A67 /* readers.cpp */ = {isa = PBXFileReference; fileEncoding = 4; lastKnownFileType = sourcecode.cpp.cpp; name = readers.cpp; path = src/readers.cpp; sourceTree = SOURCE_ROOT; };
		32F635BE14CE94EA00B32A67 /* spec.cpp */ = {isa = PBXFileReference; fileEncoding = 4; lastKnownFileType = sourcecode.cpp.cpp; name = spec.cpp; path = src/spec.cpp; sourceTree = SOURCE_ROOT; };
		32F635BF14CE94EA00B32A67 /* spec.h */ = {isa = PBXFileReference; fileEncoding = 4; lastKnownFileType = sourcecode.c.h; name = spec.h; path = src/spec.h; sourceTree = SOURCE_ROOT; };
		32F635C014CE94EA00B32A67 /* tag_file.cpp */ = {isa = PBXFileReference; fileEncoding = 4; lastKnownFileType = sourcecode.cpp.cpp; name = tag_file.cpp; path = src/tag_file.cpp; sourceTree = SOURCE_ROOT; };
		32F635C114CE94EA00B32A67 /* tag_find.cpp */ = {isa = PBXFileReference; fileEncoding = 4; lastKnownFileType = sourcecode.cpp.cpp; name = tag_find.cpp; path = src/tag_find.cpp; sourceTree = SOURCE_ROOT; };
		32F635C214CE94EA00B32A67 /* tag_impl.cpp */ = {isa = PBXFileReference; fileEncoding = 4; lastKnownFileType = sourcecode.cpp.cpp; name = tag_impl.cpp; path = src/tag_impl.cpp; sourceTree = SOURCE_ROOT; };
		32F635C314CE94EA00B32A67 /* tag_impl.h */ = {isa = PBXFileReference; fileEncoding = 4; lastKnownFileType = sourcecode.c.h; name = tag_impl.h; path = src/tag_impl.h; sourceTree = SOURCE_ROOT; };
		32F635C414CE94EA00B32A67 /* tag_parse_lyrics3.cpp */ = {isa = PBXFileReference; fileEncoding = 4; lastKnownFileType = sourcecode.cpp.cpp; name = tag_parse_lyrics3.cpp; path = src/tag_parse_lyrics3.cpp; sourceTree = SOURCE_ROOT; };
		32F635C514CE94EA00B32A67 /* tag_parse_musicmatch.cpp */ = {isa = PBXFileReference; fileEncoding = 4; lastKnownFileType = sourcecode.cpp.cpp; name = tag_parse_musicmatch.cpp; path = src/tag_parse_musicmatch.cpp; sourceTree = SOURCE_ROOT; };
		32F635C614CE94EA00B32A67 /* tag_parse_v1.cpp */ = {isa = PBXFileReference; fileEncoding = 4; lastKnownFileType = sourcecode.cpp.cpp; name = tag_parse_v1.cpp; path = src/tag_parse_v1.cpp; sourceTree = SOURCE_ROOT; };
		32F635C714CE94EA00B32A67 /* tag_parse.cpp */ = {isa = PBXFileReference; fileEncoding = 4; lastKnownFileType = sourcecode.cpp.cpp; name = tag_parse.cpp; path = src/tag_parse.cpp; sourceTree = SOURCE_ROOT; };
		32F635C814CE94EA00B32A67 /* tag_render.cpp */ = {isa = PBXFileReference; fileEncoding = 4; lastKnownFileType = sourcecode.cpp.cpp; name = tag_render.cpp; path = src/tag_render.cpp; sourceTree = SOURCE_ROOT; };
		32F635C914CE94EA00B32A67 /* tag.cpp */ = {isa = PBXFileReference; fileEncoding = 4; lastKnownFileType = sourcecode.cpp.cpp; name = tag.cpp; path = src/tag.cpp; sourceTree = SOURCE_ROOT; };
		32F635CA14CE94EA00B32A67 /* utils.cpp */ = {isa = PBXFileReference; fileEncoding = 4; lastKnownFileType = sourcecode.cpp.cpp; name = utils.cpp; path = src/utils.cpp; sourceTree = SOURCE_ROOT; };
		32F635CB14CE94EA00B32A67 /* writers.cpp */ = {isa = PBXFileReference; fileEncoding = 4; lastKnownFileType = sourcecode.cpp.cpp; name = writers.cpp; path = src/writers.cpp; sourceTree = SOURCE_ROOT; };
		32F635F714CE94EA00B32A68 /* id3-Prefix.pch */ = {isa = PBXFileReference; fileEncoding = 4; lastKnownFileType = sourcecode.c.h; name = "id3-Prefix.pch"; path = "../../tenpura/SharedLib/libid3/id3-Prefix.pch"; sourceTree = "<group>"; };
/* End PBXFileReference section */

/* Begin PBXFrameworksBuildPhase section */
		327FED7414CE850000953658 /* Frameworks */ = {
			isa = PBXFrameworksBuildPhase;
			buildActionMask = 2147483647;
			files = (
			);
			runOnlyForDeploymentPostprocessing = 0;
		};
/* End PBXFrameworksBuildPhase section */

/* Begin PBXGroup section */
		327FED6C14CE850000953658 = {
			isa = PBXGroup;
			children = (
				327FED7C14CE850000953658 /* src */,
				327FED7814CE850000953658 /* Products */,
			);
			sourceTree = "<group>";
		};
		327FED7814CE850000953658 /* Products */ = {
			isa = PBXGroup;
			children = (
				327FED7714CE850000953658 /* libid3.a */,
			);
			name = Products;
			sourceTree = "<group>";
		};
		327FED7C14CE850000953658 /* src */ = {
			isa = PBXGroup;
			children = (
				32F635A014CE94E900B32A67 /* c_wrapper.cpp */,
				32F635A114CE94E900B32A67 /* field_binary.cpp */,
				32F635A214CE94E900B32A67 /* field_def.h */,
				32F635A314CE94E900B32A67 /* field_impl.h */,
				32F635A414CE94E900B32A67 /* field_integer.cpp */,
				32F635A514CE94E900B32A67 /* field_string_ascii.cpp */,
				32F635A614CE94E900B32A67 /* field_string_unicode.cpp */,
				32F635A714CE94E900B32A67 /* field.cpp */,
				32F635A814CE94E900B32A67 /* flags.h */,
				32F635A914CE94EA00B32A67 /* frame_def.h */,
				32F635AA14CE94EA00B32A67 /* frame_impl.cpp */,
				32F635AB14CE94EA00B32A67 /* frame_impl.h */,
				32F635AC14CE94EA00B32A67 /* frame_parse.cpp */,
				32F635AD14CE94EA00B32A67 /* frame_render.cpp */,
				32F635AE14CE94EA00B32A67 /* frame.cpp */,
				32F635AF14CE94EA00B32A67 /* globals.cpp */,
				32F635B014CE94EA00B32A67 /* header_frame.cpp */,
				32F635B114CE94EA00B32A67 /* header_frame.h */,
				32F635B214CE94EA00B32A67 /* header_tag.cpp */,
				32F635B314CE94EA00B32A67 /* header_tag.h */,
				32F635B414CE94EA00B32A67 /* header.cpp */,
				32F635B514CE94EA00B32A67 /* header.h */,
				32F635B614CE94EA00B32A67 /* helpers.cpp */,
				32F635B714CE94EA00B32A67 /* io_decorators.cpp */,
				32F635B814CE94EA00B32A67 /* io_helpers.cpp */,
				32F635B914CE94EA00B32A67 /* io.cpp */,
				32F635BA14CE94EA00B32A67 /* misc_support.cpp */,
				32F635BB14CE94EA00B32A67 /* mp3_header.h */,
				32F635BC14CE94EA00B32A67 /* mp3_parse.cpp */,
				32F635BD14CE94EA00B32A67 /* readers.cpp */,
				32F635BE14CE94EA00B32A67 /* spec.cpp */,
				32F635BF14CE94EA00B32A67 /* spec.h */,
				32F635C014CE94EA00B32A67 /* tag_file.cpp */,
				32F635C114CE94EA00B32A67 /* tag_find.cpp */,
				32F635C214CE94EA00B32A67 /* tag_impl.cpp */,
				32F635C314CE94EA00B32A67 /* tag_impl.h */,
				32F635C414CE94EA00B32A67 /* tag_parse_lyrics3.cpp */,
				32F635C514CE94EA00B32A67 /* tag_parse_musicmatch.cpp */,
				32F635C614CE94EA00B32A67 /* tag_parse_v1.cpp */,
				32F635C714CE94EA00B32A67 /* tag_parse.cpp */,
				32F635C814CE94EA00B32A67 /* tag_render.cpp */,
				32F635C914CE94EA00B32A67 /* tag.cpp */,
				32F635CA14CE94EA00B32A67 /* utils.cpp */,
				32F635CB14CE94EA00B32A67 /* writers.cpp */,
				327FED7D14CE850000953658 /* Supporting Files */,
			);
			name = src;
			path = ../../../_research/libid3;
			sourceTree = "<group>";
		};
		327FED7D14CE850000953658 /* Supporting Files */ = {
			isa = PBXGroup;
			children = (
				32F635F714CE94EA00B32A68 /* id3-Prefix.pch */,
			);
			name = "Supporting Files";
			sourceTree = "<group>";
		};
/* End PBXGroup section */

/* Begin PBXHeadersBuildPhase section */
		327FED7514CE850000953658 /* Headers */ = {
			isa = PBXHeadersBuildPhase;
			buildActionMask = 2147483647;
			files = (
				32F635CE14CE94EA00B32A67 /* field_def.h in Headers */,
				32F635CF14CE94EA00B32A67 /* field_impl.h in Headers */,
				32F635D414CE94EA00B32A67 /* flags.h in Headers */,
				32F635D514CE94EA00B32A67 /* frame_def.h in Headers */,
				32F635D714CE94EA00B32A67 /* frame_impl.h in Headers */,
				32F635DD14CE94EA00B32A67 /* header_frame.h in Headers */,
				32F635DF14CE94EA00B32A67 /* header_tag.h in Headers */,
				32F635E114CE94EA00B32A67 /* header.h in Headers */,
				32F635E714CE94EA00B32A67 /* mp3_header.h in Headers */,
				32F635EB14CE94EA00B32A67 /* spec.h in Headers */,
				32F635EF14CE94EA00B32A67 /* tag_impl.h in Headers */,
				32F635F714CE94EA00B32A69 /* id3-Prefix.pch in Headers */,
			);
			runOnlyForDeploymentPostprocessing = 0;
		};
/* End PBXHeadersBuildPhase section */

/* Begin PBXNativeTarget section */
		327FED7614CE850000953658 /* id3 */ = {
			isa = PBXNativeTarget;
			buildConfigurationList = 327FED8414CE850000953658 /* Build configuration list for PBXNativeTarget "id3" */;
			buildPhases = (
				327FED7314CE850000953658 /* Sources */,
				327FED7414CE850000953658 /* Frameworks */,
				327FED7514CE850000953658 /* Headers */,
			);
			buildRules = (
			);
			dependencies = (
			);
			name = id3;
			productName = libid3;
			productReference = 327FED7714CE850000953658 /* libid3.a */;
			productType = "com.apple.product-type.library.static";
		};
/* End PBXNativeTarget section */

/* Begin PBXProject section */
		327FED6E14CE850000953658 /* Project object */ = {
			isa = PBXProject;
			attributes = {
				LastUpgradeCheck = 0420;
				ORGANIZATIONNAME = "ラクラクテクノロジーズ";
			};
			buildConfigurationList = 327FED7114CE850000953658 /* Build configuration list for PBXProject "id3" */;
			compatibilityVersion = "Xcode 3.2";
			developmentRegion = English;
			hasScannedForEncodings = 0;
			knownRegions = (
				en,
			);
			mainGroup = 327FED6C14CE850000953658;
			productRefGroup = 327FED7814CE850000953658 /* Products */;
			projectDirPath = "";
			projectRoot = "";
			targets = (
				327FED7614CE850000953658 /* id3 */,
			);
		};
/* End PBXProject section */

/* Begin PBXSourcesBuildPhase section */
		327FED7314CE850000953658 /* Sources */ = {
			isa = PBXSourcesBuildPhase;
			buildActionMask = 2147483647;
			files = (
				32F635CC14CE94EA00B32A67 /* c_wrapper.cpp in Sources */,
				32F635CD14CE94EA00B32A67 /* field_binary.cpp in Sources */,
				32F635D014CE94EA00B32A67 /* field_integer.cpp in Sources */,
				32F635D114CE94EA00B32A67 /* field_string_ascii.cpp in Sources */,
				32F635D214CE94EA00B32A67 /* field_string_unicode.cpp in Sources */,
				32F635D314CE94EA00B32A67 /* field.cpp in Sources */,
				32F635D614CE94EA00B32A67 /* frame_impl.cpp in Sources */,
				32F635D814CE94EA00B32A67 /* frame_parse.cpp in Sources */,
				32F635D914CE94EA00B32A67 /* frame_render.cpp in Sources */,
				32F635DA14CE94EA00B32A67 /* frame.cpp in Sources */,
				32F635DB14CE94EA00B32A67 /* globals.cpp in Sources */,
				32F635DC14CE94EA00B32A67 /* header_frame.cpp in Sources */,
				32F635DE14CE94EA00B32A67 /* header_tag.cpp in Sources */,
				32F635E014CE94EA00B32A67 /* header.cpp in Sources */,
				32F635E214CE94EA00B32A67 /* helpers.cpp in Sources */,
				32F635E314CE94EA00B32A67 /* io_decorators.cpp in Sources */,
				32F635E414CE94EA00B32A67 /* io_helpers.cpp in Sources */,
				32F635E514CE94EA00B32A67 /* io.cpp in Sources */,
				32F635E614CE94EA00B32A67 /* misc_support.cpp in Sources */,
				32F635E814CE94EA00B32A67 /* mp3_parse.cpp in Sources */,
				32F635E914CE94EA00B32A67 /* readers.cpp in Sources */,
				32F635EA14CE94EA00B32A67 /* spec.cpp in Sources */,
				32F635EC14CE94EA00B32A67 /* tag_file.cpp in Sources */,
				32F635ED14CE94EA00B32A67 /* tag_find.cpp in Sources */,
				32F635EE14CE94EA00B32A67 /* tag_impl.cpp in Sources */,
				32F635F014CE94EA00B32A67 /* tag_parse_lyrics3.cpp in Sources */,
				32F635F114CE94EA00B32A67 /* tag_parse_musicmatch.cpp in Sources */,
				32F635F214CE94EA00B32A67 /* tag_parse_v1.cpp in Sources */,
				32F635F314CE94EA00B32A67 /* tag_parse.cpp in Sources */,
				32F635F414CE94EA00B32A67 /* tag_render.cpp in Sources */,
				32F635F514CE94EA00B32A67 /* tag.cpp in Sources */,
				32F635F614CE94EA00B32A67 /* utils.cpp in Sources */,
				32F635F714CE94EA00B32A67 /* writers.cpp in Sources */,
			);
			runOnlyForDeploymentPostprocessing = 0;
		};
/* End PBXSourcesBuildPhase section */

/* Begin XCBuildConfiguration section */
		327FED8214CE850000953658 /* Debug */ = {
			isa = XCBuildConfiguration;
			buildSettings = {
				ALWAYS_SEARCH_USER_PATHS = NO;
				ARCHS = "$(ARCHS_STANDARD_32_BIT)";
				COPY_PHASE_STRIP = NO;
				GCC_C_LANGUAGE_STANDARD = gnu99;
				GCC_DYNAMIC_NO_PIC = NO;
				GCC_OPTIMIZATION_LEVEL = 0;
				GCC_PREPROCESSOR_DEFINITIONS = (
					"DEBUG=1",
					"$(inherited)",
				);
				GCC_SYMBOLS_PRIVATE_EXTERN = NO;
				GCC_VERSION = "";
				GCC_WARN_ABOUT_MISSING_PROTOTYPES = YES;
				GCC_WARN_ABOUT_RETURN_TYPE = YES;
				GCC_WARN_UNUSED_VARIABLE = YES;
				HEADER_SEARCH_PATHS = "$(SRCROOT)/include/**";
				IPHONEOS_DEPLOYMENT_TARGET = 4.3;
				LIBRARY_SEARCH_PATHS = "$(SRCROOT)/include";
				SDKROOT = iphoneos;
			};
			name = Debug;
		};
		327FED8314CE850000953658 /* Release */ = {
			isa = XCBuildConfiguration;
			buildSettings = {
				ALWAYS_SEARCH_USER_PATHS = NO;
				ARCHS = "$(ARCHS_STANDARD_32_BIT)";
				COPY_PHASE_STRIP = YES;
				GCC_C_LANGUAGE_STANDARD = gnu99;
				GCC_VERSION = "";
				GCC_WARN_ABOUT_MISSING_PROTOTYPES = YES;
				GCC_WARN_ABOUT_RETURN_TYPE = YES;
				GCC_WARN_UNUSED_VARIABLE = YES;
				HEADER_SEARCH_PATHS = "$(SRCROOT)/include/**";
				IPHONEOS_DEPLOYMENT_TARGET = 4.3;
				LIBRARY_SEARCH_PATHS = "$(SRCROOT)/include";
				SDKROOT = iphoneos;
				VALIDATE_PRODUCT = YES;
			};
			name = Release;
		};
		327FED8514CE850000953658 /* Debug */ = {
			isa = XCBuildConfiguration;
			buildSettings = {
				DSTROOT = /tmp/libid3.dst;
				GCC_PRECOMPILE_PREFIX_HEADER = YES;
				GCC_PREFIX_HEADER = "id3-Prefix.pch";
				OTHER_LDFLAGS = "";
				PRODUCT_NAME = id3;
				SKIP_INSTALL = YES;
			};
			name = Debug;
		};
		327FED8614CE850000953658 /* Release */ = {
			isa = XCBuildConfiguration;
			buildSettings = {
				DSTROOT = /tmp/libid3.dst;
				GCC_PRECOMPILE_PREFIX_HEADER = YES;
				GCC_PREFIX_HEADER = "id3-Prefix.pch";
				OTHER_LDFLAGS = "";
				PRODUCT_NAME = id3;
				SKIP_INSTALL = YES;
			};
			name = Release;
		};
/* End XCBuildConfiguration section */

/* Begin XCConfigurationList section */
		327FED7114CE850000953658 /* Build configuration list for PBXProject "id3" */ = {
			isa = XCConfigurationList;
			buildConfigurations = (
				327FED8214CE850000953658 /* Debug */,
				327FED8314CE850000953658 /* Release */,
			);
			defaultConfigurationIsVisible = 0;
			defaultConfigurationName = Release;
		};
		327FED8414CE850000953658 /* Build configuration list for PBXNativeTarget "id3" */ = {
			isa = XCConfigurationList;
			buildConfigurations = (
				327FED8514CE850000953658 /* Debug */,
				327FED8614CE850000953658 /* Release */,
			);
			defaultConfigurationIsVisible = 0;
			defaultConfigurationName = Release;
		};
/* End XCConfigurationList section */
	};
	rootObject = 327FED6E14CE850000953658 /* Project object */;
}
